{
  "name": "heart-of-christmas",
  "version": "1.0.0",
  "lockfileVersion": 3,
  "requires": true,
  "packages": {
    "": {
      "name": "heart-of-christmas",
      "version": "1.0.0",
      "license": "ISC",
      "dependencies": {
        "gsap": "^3.14.1",
        "three": "^0.182.0"
      }
    },
    "node_modules/gsap": {
      "version": "3.14.1",
      "resolved": "https://registry.npmjs.org/gsap/-/gsap-3.14.1.tgz",
      "integrity": "sha512-nOFRJpVu+U0IPgKzfC5MEdZrJ1iVidGaOuxK0+Un+7vMOHa5rw/SKOaMaRRyHZiJKaeAEALTBwnj6R3gifyGBw==",
      "license": "Standard 'no charge' license: https://gsap.com/standard-license."
    },
    "node_modules/three": {
      "version": "0.182.0",
      "resolved": "https://registry.npmjs.org/three/-/three-0.182.0.tgz",
      "integrity": "sha512-GbHabT+Irv+ihI1/f5kIIsZ+Ef9Sl5A1Y7imvS5RQjWgtTPfPnZ43JmlYI7NtCRDK9zir20lQpfg8/9Yd02OvQ==",
      "license": "MIT"
    }
  }
}
